// !$*UTF8*$!
{
	archiveVersion = 1;
	classes = {
	};
	objectVersion = 51;
	objects = {

/* Begin PBXBuildFile section */
		126AA1FBECEBD13DCC169E78 /* Pods_Camplus_IOS.framework in Frameworks */ = {isa = PBXBuildFile; fileRef = A45DD2940D4D5C8063DDF125 /* Pods_Camplus_IOS.framework */; };
		4510E4A7244DE15900166CC5 /* ContactUsVC.swift in Sources */ = {isa = PBXBuildFile; fileRef = 4510E4A6244DE15900166CC5 /* ContactUsVC.swift */; };
		455BC9B9244A1EDB00F8B225 /* ChangePwdVC.swift in Sources */ = {isa = PBXBuildFile; fileRef = 455BC9B8244A1EDB00F8B225 /* ChangePwdVC.swift */; };
		4569AE5B24414541009C8CD6 /* ChatMessages.swift in Sources */ = {isa = PBXBuildFile; fileRef = 4569AE5A24414541009C8CD6 /* ChatMessages.swift */; };
		4569AE5D2441A1A8009C8CD6 /* ChatGroupVC.swift in Sources */ = {isa = PBXBuildFile; fileRef = 4569AE5C2441A1A8009C8CD6 /* ChatGroupVC.swift */; };
		4569AE612441A409009C8CD6 /* FeedsData.swift in Sources */ = {isa = PBXBuildFile; fileRef = 4569AE602441A409009C8CD6 /* FeedsData.swift */; };
		4569AE63244214EB009C8CD6 /* ChatGroupMembersVC.swift in Sources */ = {isa = PBXBuildFile; fileRef = 4569AE62244214EB009C8CD6 /* ChatGroupMembersVC.swift */; };
		4569AE6E24439FF2009C8CD6 /* GoogleService-Info.plist in Resources */ = {isa = PBXBuildFile; fileRef = 4569AE6D24439FF2009C8CD6 /* GoogleService-Info.plist */; };
		4569AE722444F6EF009C8CD6 /* GroupChatCell.swift in Sources */ = {isa = PBXBuildFile; fileRef = 4569AE712444F6EE009C8CD6 /* GroupChatCell.swift */; };
		4569AE7424455AF6009C8CD6 /* UserDetails.swift in Sources */ = {isa = PBXBuildFile; fileRef = 4569AE7324455AF6009C8CD6 /* UserDetails.swift */; };
		4569AE7624457C59009C8CD6 /* GroupMembersCell.swift in Sources */ = {isa = PBXBuildFile; fileRef = 4569AE7524457C59009C8CD6 /* GroupMembersCell.swift */; };
		457E503F243B902800F40694 /* AppDelegate.swift in Sources */ = {isa = PBXBuildFile; fileRef = 457E503E243B902800F40694 /* AppDelegate.swift */; };
		457E5041243B902800F40694 /* SceneDelegate.swift in Sources */ = {isa = PBXBuildFile; fileRef = 457E5040243B902800F40694 /* SceneDelegate.swift */; };
		457E5046243B902800F40694 /* Main.storyboard in Resources */ = {isa = PBXBuildFile; fileRef = 457E5044243B902800F40694 /* Main.storyboard */; };
		457E5048243B902A00F40694 /* Assets.xcassets in Resources */ = {isa = PBXBuildFile; fileRef = 457E5047243B902A00F40694 /* Assets.xcassets */; };
		457E504B243B902A00F40694 /* LaunchScreen.storyboard in Resources */ = {isa = PBXBuildFile; fileRef = 457E5049243B902A00F40694 /* LaunchScreen.storyboard */; };
		457E5055243BA10F00F40694 /* pt-sans-caption-bold.ttf in Resources */ = {isa = PBXBuildFile; fileRef = 457E5054243BA10F00F40694 /* pt-sans-caption-bold.ttf */; };
		457E5059243BBF1600F40694 /* Montserrat-Medium.ttf in Resources */ = {isa = PBXBuildFile; fileRef = 457E5058243BBF1600F40694 /* Montserrat-Medium.ttf */; };
		459A9532243E825300794C98 /* ProximaNova-Regular.otf in Resources */ = {isa = PBXBuildFile; fileRef = 459A952A243E825200794C98 /* ProximaNova-Regular.otf */; };
		459A9533243E825300794C98 /* Proxima Nova Alt Bold.otf in Resources */ = {isa = PBXBuildFile; fileRef = 459A952B243E825200794C98 /* Proxima Nova Alt Bold.otf */; };
		459A9534243E825300794C98 /* Proxima Nova Black.otf in Resources */ = {isa = PBXBuildFile; fileRef = 459A952C243E825200794C98 /* Proxima Nova Black.otf */; };
		459A9535243E825300794C98 /* Proxima Nova Bold.otf in Resources */ = {isa = PBXBuildFile; fileRef = 459A952D243E825200794C98 /* Proxima Nova Bold.otf */; };
		459A9536243E825300794C98 /* Proxima Nova Alt Light.otf in Resources */ = {isa = PBXBuildFile; fileRef = 459A952E243E825200794C98 /* Proxima Nova Alt Light.otf */; };
		459A9537243E825300794C98 /* Proxima Nova Extrabold.otf in Resources */ = {isa = PBXBuildFile; fileRef = 459A952F243E825200794C98 /* Proxima Nova Extrabold.otf */; };
		459A9538243E825300794C98 /* Proxima Nova Thin.otf in Resources */ = {isa = PBXBuildFile; fileRef = 459A9530243E825200794C98 /* Proxima Nova Thin.otf */; };
		459A9539243E825300794C98 /* Proxima Nova Alt Thin.otf in Resources */ = {isa = PBXBuildFile; fileRef = 459A9531243E825300794C98 /* Proxima Nova Alt Thin.otf */; };
		459A953B243E830200794C98 /* ChatVC.swift in Sources */ = {isa = PBXBuildFile; fileRef = 459A953A243E830200794C98 /* ChatVC.swift */; };
		459A9541243E86B000794C98 /* FeedsDataCell.swift in Sources */ = {isa = PBXBuildFile; fileRef = 459A953F243E86AF00794C98 /* FeedsDataCell.swift */; };
		459A9542243E86B000794C98 /* ChatsDataCell.swift in Sources */ = {isa = PBXBuildFile; fileRef = 459A9540243E86AF00794C98 /* ChatsDataCell.swift */; };
		459A9546243EF46500794C98 /* ChatMessageVC.swift in Sources */ = {isa = PBXBuildFile; fileRef = 459A9545243EF46400794C98 /* ChatMessageVC.swift */; };
		459A9548244025B200794C98 /* LeftChatCell.swift in Sources */ = {isa = PBXBuildFile; fileRef = 459A9547244025B200794C98 /* LeftChatCell.swift */; };
		459A954A244025C400794C98 /* RightChatCell.swift in Sources */ = {isa = PBXBuildFile; fileRef = 459A9549244025C400794C98 /* RightChatCell.swift */; };
		45C1FEBE243BD97E00C7C523 /* loading.json in Resources */ = {isa = PBXBuildFile; fileRef = 45C1FEBD243BD97E00C7C523 /* loading.json */; };
		45C5172C244AB48B00B8B89C /* SettingsVC.swift in Sources */ = {isa = PBXBuildFile; fileRef = 45C5172B244AB48B00B8B89C /* SettingsVC.swift */; };
		45C5172E244AB93500B8B89C /* SettingsInfoVC.swift in Sources */ = {isa = PBXBuildFile; fileRef = 45C5172D244AB93500B8B89C /* SettingsInfoVC.swift */; };
		45C51730244C878500B8B89C /* ForgotPwdVC.swift in Sources */ = {isa = PBXBuildFile; fileRef = 45C5172F244C878500B8B89C /* ForgotPwdVC.swift */; };
		45C5F315243D8D9800D30406 /* Montserrat-Bold.ttf in Resources */ = {isa = PBXBuildFile; fileRef = 45C5F314243D8D9800D30406 /* Montserrat-Bold.ttf */; };
		45C5F317243D8DF900D30406 /* Montserrat-Regular.ttf in Resources */ = {isa = PBXBuildFile; fileRef = 45C5F316243D8DF900D30406 /* Montserrat-Regular.ttf */; };
		45C5F31C243D944400D30406 /* LoginVC.swift in Sources */ = {isa = PBXBuildFile; fileRef = 45C5F31B243D944300D30406 /* LoginVC.swift */; };
		45C5F320243DA28F00D30406 /* FeedsVC.swift in Sources */ = {isa = PBXBuildFile; fileRef = 45C5F31F243DA28F00D30406 /* FeedsVC.swift */; };
		45C5F322243E2BA800D30406 /* AddPostVC.swift in Sources */ = {isa = PBXBuildFile; fileRef = 45C5F321243E2BA800D30406 /* AddPostVC.swift */; };
		45C5F324243E2EF700D30406 /* SFProDisplay-Bold.ttf in Resources */ = {isa = PBXBuildFile; fileRef = 45C5F323243E2EF700D30406 /* SFProDisplay-Bold.ttf */; };
		45C5F327243E304300D30406 /* SF Pro Text-semibold.ttf in Resources */ = {isa = PBXBuildFile; fileRef = 45C5F325243E304300D30406 /* SF Pro Text-semibold.ttf */; };
		45C5F328243E304300D30406 /* SF Pro Text medium.ttf in Resources */ = {isa = PBXBuildFile; fileRef = 45C5F326243E304300D30406 /* SF Pro Text medium.ttf */; };
		45C5F32A243E33AE00D30406 /* Proxima Nova Reg.ttf in Resources */ = {isa = PBXBuildFile; fileRef = 45C5F329243E33AE00D30406 /* Proxima Nova Reg.ttf */; };
		45EED7252447D10100B235C8 /* InternetConnectionManager.swift in Sources */ = {isa = PBXBuildFile; fileRef = 45EED7242447D10100B235C8 /* InternetConnectionManager.swift */; };
		45EED7272447DFC300B235C8 /* NoInternetVC.swift in Sources */ = {isa = PBXBuildFile; fileRef = 45EED7262447DFC200B235C8 /* NoInternetVC.swift */; };
		45EED72C2447FB0800B235C8 /* LoginSvc.swift in Sources */ = {isa = PBXBuildFile; fileRef = 45EED7292447F95100B235C8 /* LoginSvc.swift */; };
		45EED72D2447FB0800B235C8 /* ChatsSvc.swift in Sources */ = {isa = PBXBuildFile; fileRef = 45EED72A2447F95100B235C8 /* ChatsSvc.swift */; };
		45EED72E2447FB0800B235C8 /* FeedsSvc.swift in Sources */ = {isa = PBXBuildFile; fileRef = 45EED72B2447F95100B235C8 /* FeedsSvc.swift */; };
		45EED7302448A31F00B235C8 /* ProfileVC.swift in Sources */ = {isa = PBXBuildFile; fileRef = 45EED72F2448A31E00B235C8 /* ProfileVC.swift */; };
		45EED7322448B24B00B235C8 /* ProfileInfoVC.swift in Sources */ = {isa = PBXBuildFile; fileRef = 45EED7312448B24B00B235C8 /* ProfileInfoVC.swift */; };
		D8FEA25D24516C7F000A981D /* FirestoreService.swift in Sources */ = {isa = PBXBuildFile; fileRef = D8FEA25C24516C7F000A981D /* FirestoreService.swift */; };
		D8FEA25F24516C89000A981D /* FirebaseDelegate.swift in Sources */ = {isa = PBXBuildFile; fileRef = D8FEA25E24516C89000A981D /* FirebaseDelegate.swift */; };
		D8FEA28724516CAB000A981D /* ForumResponseCell.swift in Sources */ = {isa = PBXBuildFile; fileRef = D8FEA26324516CAB000A981D /* ForumResponseCell.swift */; };
		D8FEA28824516CAB000A981D /* ForumTableHeaderCell.swift in Sources */ = {isa = PBXBuildFile; fileRef = D8FEA26424516CAB000A981D /* ForumTableHeaderCell.swift */; };
		D8FEA28924516CAB000A981D /* ForumDetailCategoryCVCell.swift in Sources */ = {isa = PBXBuildFile; fileRef = D8FEA26524516CAB000A981D /* ForumDetailCategoryCVCell.swift */; };
		D8FEA28A24516CAB000A981D /* ForumDetailHeaderCell.swift in Sources */ = {isa = PBXBuildFile; fileRef = D8FEA26624516CAB000A981D /* ForumDetailHeaderCell.swift */; };
		D8FEA28B24516CAB000A981D /* ForumCategoryCell.swift in Sources */ = {isa = PBXBuildFile; fileRef = D8FEA26724516CAB000A981D /* ForumCategoryCell.swift */; };
		D8FEA28C24516CAB000A981D /* ForumCreateVC.swift in Sources */ = {isa = PBXBuildFile; fileRef = D8FEA26824516CAB000A981D /* ForumCreateVC.swift */; };
		D8FEA28D24516CAB000A981D /* ForumDetailVC.swift in Sources */ = {isa = PBXBuildFile; fileRef = D8FEA26924516CAB000A981D /* ForumDetailVC.swift */; };
		D8FEA28E24516CAB000A981D /* Forum.swift in Sources */ = {isa = PBXBuildFile; fileRef = D8FEA26B24516CAB000A981D /* Forum.swift */; };
		D8FEA28F24516CAB000A981D /* Response.swift in Sources */ = {isa = PBXBuildFile; fileRef = D8FEA26C24516CAB000A981D /* Response.swift */; };
		D8FEA29024516CAB000A981D /* Category.swift in Sources */ = {isa = PBXBuildFile; fileRef = D8FEA26D24516CAB000A981D /* Category.swift */; };
		D8FEA29124516CAB000A981D /* InteractionDelegate.swift in Sources */ = {isa = PBXBuildFile; fileRef = D8FEA26F24516CAB000A981D /* InteractionDelegate.swift */; };
		D8FEA29224516CAB000A981D /* ForumActionDelegate.swift in Sources */ = {isa = PBXBuildFile; fileRef = D8FEA27024516CAB000A981D /* ForumActionDelegate.swift */; };
		D8FEA29324516CAB000A981D /* ForumTableDelegate.swift in Sources */ = {isa = PBXBuildFile; fileRef = D8FEA27124516CAB000A981D /* ForumTableDelegate.swift */; };
		D8FEA29424516CAB000A981D /* ForumVC.swift in Sources */ = {isa = PBXBuildFile; fileRef = D8FEA27224516CAB000A981D /* ForumVC.swift */; };
		D8FEA29524516CAB000A981D /* AlertDialog.swift in Sources */ = {isa = PBXBuildFile; fileRef = D8FEA27424516CAB000A981D /* AlertDialog.swift */; };
		D8FEA29624516CAB000A981D /* UIAdvancedTextField.swift in Sources */ = {isa = PBXBuildFile; fileRef = D8FEA27524516CAB000A981D /* UIAdvancedTextField.swift */; };
		D8FEA29724516CAB000A981D /* common.swift in Sources */ = {isa = PBXBuildFile; fileRef = D8FEA27624516CAB000A981D /* common.swift */; };
		D8FEA29A24516CAB000A981D /* QueueCVCell.swift in Sources */ = {isa = PBXBuildFile; fileRef = D8FEA27B24516CAB000A981D /* QueueCVCell.swift */; };
		D8FEA29B24516CAB000A981D /* ServiceTVCell.swift in Sources */ = {isa = PBXBuildFile; fileRef = D8FEA27C24516CAB000A981D /* ServiceTVCell.swift */; };
		D8FEA29C24516CAB000A981D /* QueueVC.swift in Sources */ = {isa = PBXBuildFile; fileRef = D8FEA27D24516CAB000A981D /* QueueVC.swift */; };
		D8FEA29D24516CAB000A981D /* Service.swift in Sources */ = {isa = PBXBuildFile; fileRef = D8FEA27F24516CAB000A981D /* Service.swift */; };
		D8FEA29E24516CAB000A981D /* Appointment.swift in Sources */ = {isa = PBXBuildFile; fileRef = D8FEA28024516CAB000A981D /* Appointment.swift */; };
		D8FEA29F24516CAB000A981D /* Token.swift in Sources */ = {isa = PBXBuildFile; fileRef = D8FEA28124516CAB000A981D /* Token.swift */; };
		D8FEA2A024516CAB000A981D /* QueueDateTimeVC.swift in Sources */ = {isa = PBXBuildFile; fileRef = D8FEA28224516CAB000A981D /* QueueDateTimeVC.swift */; };
		D8FEA2A124516CAB000A981D /* QueueCreateVC.swift in Sources */ = {isa = PBXBuildFile; fileRef = D8FEA28324516CAB000A981D /* QueueCreateVC.swift */; };
		D8FEA2A224516CAB000A981D /* QueueCellInteractionDelegate.swift in Sources */ = {isa = PBXBuildFile; fileRef = D8FEA28524516CAB000A981D /* QueueCellInteractionDelegate.swift */; };
		D8FEA2A324516CAB000A981D /* QueueThankYouVC.swift in Sources */ = {isa = PBXBuildFile; fileRef = D8FEA28624516CAB000A981D /* QueueThankYouVC.swift */; };
/* End PBXBuildFile section */

/* Begin PBXFileReference section */
		4510E4A6244DE15900166CC5 /* ContactUsVC.swift */ = {isa = PBXFileReference; lastKnownFileType = sourcecode.swift; path = ContactUsVC.swift; sourceTree = "<group>"; };
		455BC9B8244A1EDB00F8B225 /* ChangePwdVC.swift */ = {isa = PBXFileReference; lastKnownFileType = sourcecode.swift; path = ChangePwdVC.swift; sourceTree = "<group>"; };
		4569AE5A24414541009C8CD6 /* ChatMessages.swift */ = {isa = PBXFileReference; lastKnownFileType = sourcecode.swift; path = ChatMessages.swift; sourceTree = "<group>"; };
		4569AE5C2441A1A8009C8CD6 /* ChatGroupVC.swift */ = {isa = PBXFileReference; lastKnownFileType = sourcecode.swift; path = ChatGroupVC.swift; sourceTree = "<group>"; };
		4569AE602441A409009C8CD6 /* FeedsData.swift */ = {isa = PBXFileReference; lastKnownFileType = sourcecode.swift; path = FeedsData.swift; sourceTree = "<group>"; };
		4569AE62244214EB009C8CD6 /* ChatGroupMembersVC.swift */ = {isa = PBXFileReference; lastKnownFileType = sourcecode.swift; path = ChatGroupMembersVC.swift; sourceTree = "<group>"; };
		4569AE6D24439FF2009C8CD6 /* GoogleService-Info.plist */ = {isa = PBXFileReference; fileEncoding = 4; lastKnownFileType = text.plist.xml; path = "GoogleService-Info.plist"; sourceTree = "<group>"; };
		4569AE712444F6EE009C8CD6 /* GroupChatCell.swift */ = {isa = PBXFileReference; lastKnownFileType = sourcecode.swift; path = GroupChatCell.swift; sourceTree = "<group>"; };
		4569AE7324455AF6009C8CD6 /* UserDetails.swift */ = {isa = PBXFileReference; lastKnownFileType = sourcecode.swift; path = UserDetails.swift; sourceTree = "<group>"; };
		4569AE7524457C59009C8CD6 /* GroupMembersCell.swift */ = {isa = PBXFileReference; lastKnownFileType = sourcecode.swift; path = GroupMembersCell.swift; sourceTree = "<group>"; };
		457E503B243B902800F40694 /* Camplus-IOS.app */ = {isa = PBXFileReference; explicitFileType = wrapper.application; includeInIndex = 0; path = "Camplus-IOS.app"; sourceTree = BUILT_PRODUCTS_DIR; };
		457E503E243B902800F40694 /* AppDelegate.swift */ = {isa = PBXFileReference; lastKnownFileType = sourcecode.swift; path = AppDelegate.swift; sourceTree = "<group>"; };
		457E5040243B902800F40694 /* SceneDelegate.swift */ = {isa = PBXFileReference; lastKnownFileType = sourcecode.swift; path = SceneDelegate.swift; sourceTree = "<group>"; };
		457E5045243B902800F40694 /* Base */ = {isa = PBXFileReference; lastKnownFileType = file.storyboard; name = Base; path = Base.lproj/Main.storyboard; sourceTree = "<group>"; };
		457E5047243B902A00F40694 /* Assets.xcassets */ = {isa = PBXFileReference; lastKnownFileType = folder.assetcatalog; path = Assets.xcassets; sourceTree = "<group>"; };
		457E504A243B902A00F40694 /* Base */ = {isa = PBXFileReference; lastKnownFileType = file.storyboard; name = Base; path = Base.lproj/LaunchScreen.storyboard; sourceTree = "<group>"; };
		457E504C243B902A00F40694 /* Info.plist */ = {isa = PBXFileReference; lastKnownFileType = text.plist.xml; path = Info.plist; sourceTree = "<group>"; };
		457E5054243BA10F00F40694 /* pt-sans-caption-bold.ttf */ = {isa = PBXFileReference; lastKnownFileType = file; path = "pt-sans-caption-bold.ttf"; sourceTree = "<group>"; };
		457E5058243BBF1600F40694 /* Montserrat-Medium.ttf */ = {isa = PBXFileReference; lastKnownFileType = file; path = "Montserrat-Medium.ttf"; sourceTree = "<group>"; };
		459A952A243E825200794C98 /* ProximaNova-Regular.otf */ = {isa = PBXFileReference; lastKnownFileType = file; path = "ProximaNova-Regular.otf"; sourceTree = "<group>"; };
		459A952B243E825200794C98 /* Proxima Nova Alt Bold.otf */ = {isa = PBXFileReference; lastKnownFileType = file; path = "Proxima Nova Alt Bold.otf"; sourceTree = "<group>"; };
		459A952C243E825200794C98 /* Proxima Nova Black.otf */ = {isa = PBXFileReference; lastKnownFileType = file; path = "Proxima Nova Black.otf"; sourceTree = "<group>"; };
		459A952D243E825200794C98 /* Proxima Nova Bold.otf */ = {isa = PBXFileReference; lastKnownFileType = file; path = "Proxima Nova Bold.otf"; sourceTree = "<group>"; };
		459A952E243E825200794C98 /* Proxima Nova Alt Light.otf */ = {isa = PBXFileReference; lastKnownFileType = file; path = "Proxima Nova Alt Light.otf"; sourceTree = "<group>"; };
		459A952F243E825200794C98 /* Proxima Nova Extrabold.otf */ = {isa = PBXFileReference; lastKnownFileType = file; path = "Proxima Nova Extrabold.otf"; sourceTree = "<group>"; };
		459A9530243E825200794C98 /* Proxima Nova Thin.otf */ = {isa = PBXFileReference; lastKnownFileType = file; path = "Proxima Nova Thin.otf"; sourceTree = "<group>"; };
		459A9531243E825300794C98 /* Proxima Nova Alt Thin.otf */ = {isa = PBXFileReference; lastKnownFileType = file; path = "Proxima Nova Alt Thin.otf"; sourceTree = "<group>"; };
		459A953A243E830200794C98 /* ChatVC.swift */ = {isa = PBXFileReference; lastKnownFileType = sourcecode.swift; path = ChatVC.swift; sourceTree = "<group>"; };
		459A953F243E86AF00794C98 /* FeedsDataCell.swift */ = {isa = PBXFileReference; lastKnownFileType = sourcecode.swift; path = FeedsDataCell.swift; sourceTree = "<group>"; };
		459A9540243E86AF00794C98 /* ChatsDataCell.swift */ = {isa = PBXFileReference; lastKnownFileType = sourcecode.swift; path = ChatsDataCell.swift; sourceTree = "<group>"; };
		459A9545243EF46400794C98 /* ChatMessageVC.swift */ = {isa = PBXFileReference; lastKnownFileType = sourcecode.swift; path = ChatMessageVC.swift; sourceTree = "<group>"; };
		459A9547244025B200794C98 /* LeftChatCell.swift */ = {isa = PBXFileReference; lastKnownFileType = sourcecode.swift; path = LeftChatCell.swift; sourceTree = "<group>"; };
		459A9549244025C400794C98 /* RightChatCell.swift */ = {isa = PBXFileReference; lastKnownFileType = sourcecode.swift; path = RightChatCell.swift; sourceTree = "<group>"; };
		45C1FEBD243BD97E00C7C523 /* loading.json */ = {isa = PBXFileReference; fileEncoding = 4; lastKnownFileType = text.json; path = loading.json; sourceTree = "<group>"; };
		45C5172B244AB48B00B8B89C /* SettingsVC.swift */ = {isa = PBXFileReference; lastKnownFileType = sourcecode.swift; path = SettingsVC.swift; sourceTree = "<group>"; };
		45C5172D244AB93500B8B89C /* SettingsInfoVC.swift */ = {isa = PBXFileReference; lastKnownFileType = sourcecode.swift; path = SettingsInfoVC.swift; sourceTree = "<group>"; };
		45C5172F244C878500B8B89C /* ForgotPwdVC.swift */ = {isa = PBXFileReference; lastKnownFileType = sourcecode.swift; path = ForgotPwdVC.swift; sourceTree = "<group>"; };
		45C5F314243D8D9800D30406 /* Montserrat-Bold.ttf */ = {isa = PBXFileReference; lastKnownFileType = file; path = "Montserrat-Bold.ttf"; sourceTree = "<group>"; };
		45C5F316243D8DF900D30406 /* Montserrat-Regular.ttf */ = {isa = PBXFileReference; lastKnownFileType = file; path = "Montserrat-Regular.ttf"; sourceTree = "<group>"; };
		45C5F31B243D944300D30406 /* LoginVC.swift */ = {isa = PBXFileReference; lastKnownFileType = sourcecode.swift; path = LoginVC.swift; sourceTree = "<group>"; };
		45C5F31F243DA28F00D30406 /* FeedsVC.swift */ = {isa = PBXFileReference; lastKnownFileType = sourcecode.swift; path = FeedsVC.swift; sourceTree = "<group>"; };
		45C5F321243E2BA800D30406 /* AddPostVC.swift */ = {isa = PBXFileReference; lastKnownFileType = sourcecode.swift; path = AddPostVC.swift; sourceTree = "<group>"; };
		45C5F323243E2EF700D30406 /* SFProDisplay-Bold.ttf */ = {isa = PBXFileReference; lastKnownFileType = file; path = "SFProDisplay-Bold.ttf"; sourceTree = "<group>"; };
		45C5F325243E304300D30406 /* SF Pro Text-semibold.ttf */ = {isa = PBXFileReference; lastKnownFileType = file; path = "SF Pro Text-semibold.ttf"; sourceTree = "<group>"; };
		45C5F326243E304300D30406 /* SF Pro Text medium.ttf */ = {isa = PBXFileReference; lastKnownFileType = file; path = "SF Pro Text medium.ttf"; sourceTree = "<group>"; };
		45C5F329243E33AE00D30406 /* Proxima Nova Reg.ttf */ = {isa = PBXFileReference; lastKnownFileType = file; path = "Proxima Nova Reg.ttf"; sourceTree = "<group>"; };
		45EED7242447D10100B235C8 /* InternetConnectionManager.swift */ = {isa = PBXFileReference; lastKnownFileType = sourcecode.swift; path = InternetConnectionManager.swift; sourceTree = "<group>"; };
		45EED7262447DFC200B235C8 /* NoInternetVC.swift */ = {isa = PBXFileReference; lastKnownFileType = sourcecode.swift; path = NoInternetVC.swift; sourceTree = "<group>"; };
		45EED7292447F95100B235C8 /* LoginSvc.swift */ = {isa = PBXFileReference; lastKnownFileType = sourcecode.swift; path = LoginSvc.swift; sourceTree = "<group>"; };
		45EED72A2447F95100B235C8 /* ChatsSvc.swift */ = {isa = PBXFileReference; lastKnownFileType = sourcecode.swift; path = ChatsSvc.swift; sourceTree = "<group>"; };
		45EED72B2447F95100B235C8 /* FeedsSvc.swift */ = {isa = PBXFileReference; lastKnownFileType = sourcecode.swift; path = FeedsSvc.swift; sourceTree = "<group>"; };
		45EED72F2448A31E00B235C8 /* ProfileVC.swift */ = {isa = PBXFileReference; lastKnownFileType = sourcecode.swift; path = ProfileVC.swift; sourceTree = "<group>"; };
		45EED7312448B24B00B235C8 /* ProfileInfoVC.swift */ = {isa = PBXFileReference; lastKnownFileType = sourcecode.swift; path = ProfileInfoVC.swift; sourceTree = "<group>"; };
		67033F108C1EDC425E9DCF2B /* Pods-Camplus-IOS.debug.xcconfig */ = {isa = PBXFileReference; includeInIndex = 1; lastKnownFileType = text.xcconfig; name = "Pods-Camplus-IOS.debug.xcconfig"; path = "Target Support Files/Pods-Camplus-IOS/Pods-Camplus-IOS.debug.xcconfig"; sourceTree = "<group>"; };
		A45DD2940D4D5C8063DDF125 /* Pods_Camplus_IOS.framework */ = {isa = PBXFileReference; explicitFileType = wrapper.framework; includeInIndex = 0; path = Pods_Camplus_IOS.framework; sourceTree = BUILT_PRODUCTS_DIR; };
		D8FEA25C24516C7F000A981D /* FirestoreService.swift */ = {isa = PBXFileReference; fileEncoding = 4; lastKnownFileType = sourcecode.swift; path = FirestoreService.swift; sourceTree = "<group>"; };
		D8FEA25E24516C89000A981D /* FirebaseDelegate.swift */ = {isa = PBXFileReference; fileEncoding = 4; lastKnownFileType = sourcecode.swift; path = FirebaseDelegate.swift; sourceTree = "<group>"; };
		D8FEA26324516CAB000A981D /* ForumResponseCell.swift */ = {isa = PBXFileReference; fileEncoding = 4; lastKnownFileType = sourcecode.swift; path = ForumResponseCell.swift; sourceTree = "<group>"; };
		D8FEA26424516CAB000A981D /* ForumTableHeaderCell.swift */ = {isa = PBXFileReference; fileEncoding = 4; lastKnownFileType = sourcecode.swift; path = ForumTableHeaderCell.swift; sourceTree = "<group>"; };
		D8FEA26524516CAB000A981D /* ForumDetailCategoryCVCell.swift */ = {isa = PBXFileReference; fileEncoding = 4; lastKnownFileType = sourcecode.swift; path = ForumDetailCategoryCVCell.swift; sourceTree = "<group>"; };
		D8FEA26624516CAB000A981D /* ForumDetailHeaderCell.swift */ = {isa = PBXFileReference; fileEncoding = 4; lastKnownFileType = sourcecode.swift; path = ForumDetailHeaderCell.swift; sourceTree = "<group>"; };
		D8FEA26724516CAB000A981D /* ForumCategoryCell.swift */ = {isa = PBXFileReference; fileEncoding = 4; lastKnownFileType = sourcecode.swift; path = ForumCategoryCell.swift; sourceTree = "<group>"; };
		D8FEA26824516CAB000A981D /* ForumCreateVC.swift */ = {isa = PBXFileReference; fileEncoding = 4; lastKnownFileType = sourcecode.swift; path = ForumCreateVC.swift; sourceTree = "<group>"; };
		D8FEA26924516CAB000A981D /* ForumDetailVC.swift */ = {isa = PBXFileReference; fileEncoding = 4; lastKnownFileType = sourcecode.swift; path = ForumDetailVC.swift; sourceTree = "<group>"; };
		D8FEA26B24516CAB000A981D /* Forum.swift */ = {isa = PBXFileReference; fileEncoding = 4; lastKnownFileType = sourcecode.swift; path = Forum.swift; sourceTree = "<group>"; };
		D8FEA26C24516CAB000A981D /* Response.swift */ = {isa = PBXFileReference; fileEncoding = 4; lastKnownFileType = sourcecode.swift; path = Response.swift; sourceTree = "<group>"; };
		D8FEA26D24516CAB000A981D /* Category.swift */ = {isa = PBXFileReference; fileEncoding = 4; lastKnownFileType = sourcecode.swift; path = Category.swift; sourceTree = "<group>"; };
		D8FEA26F24516CAB000A981D /* InteractionDelegate.swift */ = {isa = PBXFileReference; fileEncoding = 4; lastKnownFileType = sourcecode.swift; path = InteractionDelegate.swift; sourceTree = "<group>"; };
		D8FEA27024516CAB000A981D /* ForumActionDelegate.swift */ = {isa = PBXFileReference; fileEncoding = 4; lastKnownFileType = sourcecode.swift; path = ForumActionDelegate.swift; sourceTree = "<group>"; };
		D8FEA27124516CAB000A981D /* ForumTableDelegate.swift */ = {isa = PBXFileReference; fileEncoding = 4; lastKnownFileType = sourcecode.swift; path = ForumTableDelegate.swift; sourceTree = "<group>"; };
		D8FEA27224516CAB000A981D /* ForumVC.swift */ = {isa = PBXFileReference; fileEncoding = 4; lastKnownFileType = sourcecode.swift; path = ForumVC.swift; sourceTree = "<group>"; };
		D8FEA27424516CAB000A981D /* AlertDialog.swift */ = {isa = PBXFileReference; fileEncoding = 4; lastKnownFileType = sourcecode.swift; path = AlertDialog.swift; sourceTree = "<group>"; };
		D8FEA27524516CAB000A981D /* UIAdvancedTextField.swift */ = {isa = PBXFileReference; fileEncoding = 4; lastKnownFileType = sourcecode.swift; path = UIAdvancedTextField.swift; sourceTree = "<group>"; };
		D8FEA27624516CAB000A981D /* common.swift */ = {isa = PBXFileReference; fileEncoding = 4; lastKnownFileType = sourcecode.swift; path = common.swift; sourceTree = "<group>"; };
		D8FEA27B24516CAB000A981D /* QueueCVCell.swift */ = {isa = PBXFileReference; fileEncoding = 4; lastKnownFileType = sourcecode.swift; path = QueueCVCell.swift; sourceTree = "<group>"; };
		D8FEA27C24516CAB000A981D /* ServiceTVCell.swift */ = {isa = PBXFileReference; fileEncoding = 4; lastKnownFileType = sourcecode.swift; path = ServiceTVCell.swift; sourceTree = "<group>"; };
		D8FEA27D24516CAB000A981D /* QueueVC.swift */ = {isa = PBXFileReference; fileEncoding = 4; lastKnownFileType = sourcecode.swift; path = QueueVC.swift; sourceTree = "<group>"; };
		D8FEA27F24516CAB000A981D /* Service.swift */ = {isa = PBXFileReference; fileEncoding = 4; lastKnownFileType = sourcecode.swift; path = Service.swift; sourceTree = "<group>"; };
		D8FEA28024516CAB000A981D /* Appointment.swift */ = {isa = PBXFileReference; fileEncoding = 4; lastKnownFileType = sourcecode.swift; path = Appointment.swift; sourceTree = "<group>"; };
		D8FEA28124516CAB000A981D /* Token.swift */ = {isa = PBXFileReference; fileEncoding = 4; lastKnownFileType = sourcecode.swift; path = Token.swift; sourceTree = "<group>"; };
		D8FEA28224516CAB000A981D /* QueueDateTimeVC.swift */ = {isa = PBXFileReference; fileEncoding = 4; lastKnownFileType = sourcecode.swift; path = QueueDateTimeVC.swift; sourceTree = "<group>"; };
		D8FEA28324516CAB000A981D /* QueueCreateVC.swift */ = {isa = PBXFileReference; fileEncoding = 4; lastKnownFileType = sourcecode.swift; path = QueueCreateVC.swift; sourceTree = "<group>"; };
		D8FEA28524516CAB000A981D /* QueueCellInteractionDelegate.swift */ = {isa = PBXFileReference; fileEncoding = 4; lastKnownFileType = sourcecode.swift; path = QueueCellInteractionDelegate.swift; sourceTree = "<group>"; };
		D8FEA28624516CAB000A981D /* QueueThankYouVC.swift */ = {isa = PBXFileReference; fileEncoding = 4; lastKnownFileType = sourcecode.swift; path = QueueThankYouVC.swift; sourceTree = "<group>"; };
		EB520D687337BDE532BAE87F /* Pods-Camplus-IOS.release.xcconfig */ = {isa = PBXFileReference; includeInIndex = 1; lastKnownFileType = text.xcconfig; name = "Pods-Camplus-IOS.release.xcconfig"; path = "Target Support Files/Pods-Camplus-IOS/Pods-Camplus-IOS.release.xcconfig"; sourceTree = "<group>"; };
/* End PBXFileReference section */

/* Begin PBXFrameworksBuildPhase section */
		457E5038243B902800F40694 /* Frameworks */ = {
			isa = PBXFrameworksBuildPhase;
			buildActionMask = 2147483647;
			files = (
				126AA1FBECEBD13DCC169E78 /* Pods_Camplus_IOS.framework in Frameworks */,
			);
			runOnlyForDeploymentPostprocessing = 0;
		};
/* End PBXFrameworksBuildPhase section */

/* Begin PBXGroup section */
		1BCC0C69B1732721D422A52F /* Frameworks */ = {
			isa = PBXGroup;
			children = (
				A45DD2940D4D5C8063DDF125 /* Pods_Camplus_IOS.framework */,
			);
			name = Frameworks;
			sourceTree = "<group>";
		};
		4569AE592441452E009C8CD6 /* Data Models */ = {
			isa = PBXGroup;
			children = (
				4569AE602441A409009C8CD6 /* FeedsData.swift */,
				4569AE5A24414541009C8CD6 /* ChatMessages.swift */,
				4569AE7324455AF6009C8CD6 /* UserDetails.swift */,
				45EED7242447D10100B235C8 /* InternetConnectionManager.swift */,
			);
			path = "Data Models";
			sourceTree = "<group>";
		};
		457E5032243B902800F40694 = {
			isa = PBXGroup;
			children = (
				457E503D243B902800F40694 /* Camplus-IOS */,
				457E503C243B902800F40694 /* Products */,
				7BAD9FA0E5E5DCCCD2391AB4 /* Pods */,
				1BCC0C69B1732721D422A52F /* Frameworks */,
			);
			sourceTree = "<group>";
		};
		457E503C243B902800F40694 /* Products */ = {
			isa = PBXGroup;
			children = (
				457E503B243B902800F40694 /* Camplus-IOS.app */,
			);
			name = Products;
			sourceTree = "<group>";
		};
		457E503D243B902800F40694 /* Camplus-IOS */ = {
			isa = PBXGroup;
			children = (
				D8FEA26024516CAB000A981D /* viewcontrollers */,
				45C1FEBD243BD97E00C7C523 /* loading.json */,
				4569AE592441452E009C8CD6 /* Data Models */,
				45EED7282447F95100B235C8 /* Services */,
				459A953E243E83E000794C98 /* Custom Cells */,
				45C5F318243D91AA00D30406 /* Controllers */,
				457E505A243BC44E00F40694 /* Fonts */,
				457E503E243B902800F40694 /* AppDelegate.swift */,
				457E5040243B902800F40694 /* SceneDelegate.swift */,
				457E5044243B902800F40694 /* Main.storyboard */,
				457E5047243B902A00F40694 /* Assets.xcassets */,
				457E5049243B902A00F40694 /* LaunchScreen.storyboard */,
				4569AE6D24439FF2009C8CD6 /* GoogleService-Info.plist */,
				457E504C243B902A00F40694 /* Info.plist */,
			);
			path = "Camplus-IOS";
			sourceTree = "<group>";
		};
		457E505A243BC44E00F40694 /* Fonts */ = {
			isa = PBXGroup;
			children = (
				459A952B243E825200794C98 /* Proxima Nova Alt Bold.otf */,
				459A952E243E825200794C98 /* Proxima Nova Alt Light.otf */,
				459A9531243E825300794C98 /* Proxima Nova Alt Thin.otf */,
				459A952C243E825200794C98 /* Proxima Nova Black.otf */,
				459A952D243E825200794C98 /* Proxima Nova Bold.otf */,
				459A952F243E825200794C98 /* Proxima Nova Extrabold.otf */,
				459A9530243E825200794C98 /* Proxima Nova Thin.otf */,
				459A952A243E825200794C98 /* ProximaNova-Regular.otf */,
				45C5F329243E33AE00D30406 /* Proxima Nova Reg.ttf */,
				45C5F326243E304300D30406 /* SF Pro Text medium.ttf */,
				45C5F325243E304300D30406 /* SF Pro Text-semibold.ttf */,
				45C5F323243E2EF700D30406 /* SFProDisplay-Bold.ttf */,
				45C5F316243D8DF900D30406 /* Montserrat-Regular.ttf */,
				45C5F314243D8D9800D30406 /* Montserrat-Bold.ttf */,
				457E5058243BBF1600F40694 /* Montserrat-Medium.ttf */,
				457E5054243BA10F00F40694 /* pt-sans-caption-bold.ttf */,
			);
			path = Fonts;
			sourceTree = "<group>";
		};
		459A953E243E83E000794C98 /* Custom Cells */ = {
			isa = PBXGroup;
			children = (
				459A9540243E86AF00794C98 /* ChatsDataCell.swift */,
				459A953F243E86AF00794C98 /* FeedsDataCell.swift */,
				459A9547244025B200794C98 /* LeftChatCell.swift */,
				459A9549244025C400794C98 /* RightChatCell.swift */,
				4569AE712444F6EE009C8CD6 /* GroupChatCell.swift */,
				4569AE7524457C59009C8CD6 /* GroupMembersCell.swift */,
			);
			path = "Custom Cells";
			sourceTree = "<group>";
		};
		45C5F318243D91AA00D30406 /* Controllers */ = {
			isa = PBXGroup;
			children = (
				45C5F31B243D944300D30406 /* LoginVC.swift */,
				45C5F31F243DA28F00D30406 /* FeedsVC.swift */,
				45C5F321243E2BA800D30406 /* AddPostVC.swift */,
				459A953A243E830200794C98 /* ChatVC.swift */,
				459A9545243EF46400794C98 /* ChatMessageVC.swift */,
				4569AE5C2441A1A8009C8CD6 /* ChatGroupVC.swift */,
				4569AE62244214EB009C8CD6 /* ChatGroupMembersVC.swift */,
				45EED7262447DFC200B235C8 /* NoInternetVC.swift */,
				45EED72F2448A31E00B235C8 /* ProfileVC.swift */,
				45EED7312448B24B00B235C8 /* ProfileInfoVC.swift */,
				455BC9B8244A1EDB00F8B225 /* ChangePwdVC.swift */,
				45C5172B244AB48B00B8B89C /* SettingsVC.swift */,
				45C5172D244AB93500B8B89C /* SettingsInfoVC.swift */,
				45C5172F244C878500B8B89C /* ForgotPwdVC.swift */,
				4510E4A6244DE15900166CC5 /* ContactUsVC.swift */,
			);
			path = Controllers;
			sourceTree = "<group>";
		};
		45EED7282447F95100B235C8 /* Services */ = {
			isa = PBXGroup;
			children = (
				D8FEA25E24516C89000A981D /* FirebaseDelegate.swift */,
				D8FEA25C24516C7F000A981D /* FirestoreService.swift */,
				45EED7292447F95100B235C8 /* LoginSvc.swift */,
				45EED72A2447F95100B235C8 /* ChatsSvc.swift */,
				45EED72B2447F95100B235C8 /* FeedsSvc.swift */,
			);
			path = Services;
			sourceTree = "<group>";
		};
		7BAD9FA0E5E5DCCCD2391AB4 /* Pods */ = {
			isa = PBXGroup;
			children = (
				67033F108C1EDC425E9DCF2B /* Pods-Camplus-IOS.debug.xcconfig */,
				EB520D687337BDE532BAE87F /* Pods-Camplus-IOS.release.xcconfig */,
			);
			name = Pods;
			path = Pods;
			sourceTree = "<group>";
		};
		D8FEA26024516CAB000A981D /* viewcontrollers */ = {
			isa = PBXGroup;
			children = (
				D8FEA26124516CAB000A981D /* forum */,
				D8FEA27324516CAB000A981D /* common */,
				D8FEA27924516CAB000A981D /* queue */,
			);
			path = viewcontrollers;
			sourceTree = "<group>";
		};
		D8FEA26124516CAB000A981D /* forum */ = {
			isa = PBXGroup;
			children = (
				D8FEA26224516CAB000A981D /* cells */,
				D8FEA26824516CAB000A981D /* ForumCreateVC.swift */,
				D8FEA26924516CAB000A981D /* ForumDetailVC.swift */,
				D8FEA26A24516CAB000A981D /* model */,
				D8FEA26E24516CAB000A981D /* delegates */,
				D8FEA27224516CAB000A981D /* ForumVC.swift */,
			);
			path = forum;
			sourceTree = "<group>";
		};
		D8FEA26224516CAB000A981D /* cells */ = {
			isa = PBXGroup;
			children = (
				D8FEA26324516CAB000A981D /* ForumResponseCell.swift */,
				D8FEA26424516CAB000A981D /* ForumTableHeaderCell.swift */,
				D8FEA26524516CAB000A981D /* ForumDetailCategoryCVCell.swift */,
				D8FEA26624516CAB000A981D /* ForumDetailHeaderCell.swift */,
				D8FEA26724516CAB000A981D /* ForumCategoryCell.swift */,
			);
			path = cells;
			sourceTree = "<group>";
		};
		D8FEA26A24516CAB000A981D /* model */ = {
			isa = PBXGroup;
			children = (
				D8FEA26B24516CAB000A981D /* Forum.swift */,
				D8FEA26C24516CAB000A981D /* Response.swift */,
				D8FEA26D24516CAB000A981D /* Category.swift */,
			);
			path = model;
			sourceTree = "<group>";
		};
		D8FEA26E24516CAB000A981D /* delegates */ = {
			isa = PBXGroup;
			children = (
				D8FEA26F24516CAB000A981D /* InteractionDelegate.swift */,
				D8FEA27024516CAB000A981D /* ForumActionDelegate.swift */,
				D8FEA27124516CAB000A981D /* ForumTableDelegate.swift */,
			);
			path = delegates;
			sourceTree = "<group>";
		};
		D8FEA27324516CAB000A981D /* common */ = {
			isa = PBXGroup;
			children = (
				D8FEA27424516CAB000A981D /* AlertDialog.swift */,
				D8FEA27524516CAB000A981D /* UIAdvancedTextField.swift */,
				D8FEA27624516CAB000A981D /* common.swift */,
			);
			path = common;
			sourceTree = "<group>";
		};
		D8FEA27924516CAB000A981D /* queue */ = {
			isa = PBXGroup;
			children = (
				D8FEA27A24516CAB000A981D /* cells */,
				D8FEA27D24516CAB000A981D /* QueueVC.swift */,
				D8FEA27E24516CAB000A981D /* models */,
				D8FEA28224516CAB000A981D /* QueueDateTimeVC.swift */,
				D8FEA28324516CAB000A981D /* QueueCreateVC.swift */,
				D8FEA28424516CAB000A981D /* protocols */,
				D8FEA28624516CAB000A981D /* QueueThankYouVC.swift */,
			);
			path = queue;
			sourceTree = "<group>";
		};
		D8FEA27A24516CAB000A981D /* cells */ = {
			isa = PBXGroup;
			children = (
				D8FEA27B24516CAB000A981D /* QueueCVCell.swift */,
				D8FEA27C24516CAB000A981D /* ServiceTVCell.swift */,
			);
			path = cells;
			sourceTree = "<group>";
		};
		D8FEA27E24516CAB000A981D /* models */ = {
			isa = PBXGroup;
			children = (
				D8FEA27F24516CAB000A981D /* Service.swift */,
				D8FEA28024516CAB000A981D /* Appointment.swift */,
				D8FEA28124516CAB000A981D /* Token.swift */,
			);
			path = models;
			sourceTree = "<group>";
		};
		D8FEA28424516CAB000A981D /* protocols */ = {
			isa = PBXGroup;
			children = (
				D8FEA28524516CAB000A981D /* QueueCellInteractionDelegate.swift */,
			);
			path = protocols;
			sourceTree = "<group>";
		};
/* End PBXGroup section */

/* Begin PBXNativeTarget section */
		457E503A243B902800F40694 /* Camplus-IOS */ = {
			isa = PBXNativeTarget;
			buildConfigurationList = 457E504F243B902A00F40694 /* Build configuration list for PBXNativeTarget "Camplus-IOS" */;
			buildPhases = (
				6616F06D6B14FBBE48FF6580 /* [CP] Check Pods Manifest.lock */,
				457E5037243B902800F40694 /* Sources */,
				457E5038243B902800F40694 /* Frameworks */,
				457E5039243B902800F40694 /* Resources */,
				E486ACB5BF2834334F6DA17F /* [CP] Embed Pods Frameworks */,
			);
			buildRules = (
			);
			dependencies = (
			);
			name = "Camplus-IOS";
			productName = "Camplus-IOS";
			productReference = 457E503B243B902800F40694 /* Camplus-IOS.app */;
			productType = "com.apple.product-type.application";
		};
/* End PBXNativeTarget section */

/* Begin PBXProject section */
		457E5033243B902800F40694 /* Project object */ = {
			isa = PBXProject;
			attributes = {
				LastSwiftUpdateCheck = 1130;
				LastUpgradeCheck = 1130;
				ORGANIZATIONNAME = "vibin joby";
				TargetAttributes = {
					457E503A243B902800F40694 = {
						CreatedOnToolsVersion = 11.3;
					};
				};
			};
			buildConfigurationList = 457E5036243B902800F40694 /* Build configuration list for PBXProject "Camplus-IOS" */;
			compatibilityVersion = "Xcode 9.3";
			developmentRegion = en;
			hasScannedForEncodings = 0;
			knownRegions = (
				en,
				Base,
			);
			mainGroup = 457E5032243B902800F40694;
			productRefGroup = 457E503C243B902800F40694 /* Products */;
			projectDirPath = "";
			projectRoot = "";
			targets = (
				457E503A243B902800F40694 /* Camplus-IOS */,
			);
		};
/* End PBXProject section */

/* Begin PBXResourcesBuildPhase section */
		457E5039243B902800F40694 /* Resources */ = {
			isa = PBXResourcesBuildPhase;
			buildActionMask = 2147483647;
			files = (
				459A9536243E825300794C98 /* Proxima Nova Alt Light.otf in Resources */,
				45C5F324243E2EF700D30406 /* SFProDisplay-Bold.ttf in Resources */,
				459A9535243E825300794C98 /* Proxima Nova Bold.otf in Resources */,
				45C5F317243D8DF900D30406 /* Montserrat-Regular.ttf in Resources */,
				459A9539243E825300794C98 /* Proxima Nova Alt Thin.otf in Resources */,
				457E504B243B902A00F40694 /* LaunchScreen.storyboard in Resources */,
				457E5059243BBF1600F40694 /* Montserrat-Medium.ttf in Resources */,
				45C1FEBE243BD97E00C7C523 /* loading.json in Resources */,
				45C5F327243E304300D30406 /* SF Pro Text-semibold.ttf in Resources */,
				457E5048243B902A00F40694 /* Assets.xcassets in Resources */,
				457E5046243B902800F40694 /* Main.storyboard in Resources */,
				457E5055243BA10F00F40694 /* pt-sans-caption-bold.ttf in Resources */,
				45C5F315243D8D9800D30406 /* Montserrat-Bold.ttf in Resources */,
				459A9533243E825300794C98 /* Proxima Nova Alt Bold.otf in Resources */,
				459A9538243E825300794C98 /* Proxima Nova Thin.otf in Resources */,
				45C5F32A243E33AE00D30406 /* Proxima Nova Reg.ttf in Resources */,
				459A9532243E825300794C98 /* ProximaNova-Regular.otf in Resources */,
				45C5F328243E304300D30406 /* SF Pro Text medium.ttf in Resources */,
				459A9537243E825300794C98 /* Proxima Nova Extrabold.otf in Resources */,
				459A9534243E825300794C98 /* Proxima Nova Black.otf in Resources */,
				4569AE6E24439FF2009C8CD6 /* GoogleService-Info.plist in Resources */,
			);
			runOnlyForDeploymentPostprocessing = 0;
		};
/* End PBXResourcesBuildPhase section */

/* Begin PBXShellScriptBuildPhase section */
		6616F06D6B14FBBE48FF6580 /* [CP] Check Pods Manifest.lock */ = {
			isa = PBXShellScriptBuildPhase;
			buildActionMask = 2147483647;
			files = (
			);
			inputFileListPaths = (
			);
			inputPaths = (
				"${PODS_PODFILE_DIR_PATH}/Podfile.lock",
				"${PODS_ROOT}/Manifest.lock",
			);
			name = "[CP] Check Pods Manifest.lock";
			outputFileListPaths = (
			);
			outputPaths = (
				"$(DERIVED_FILE_DIR)/Pods-Camplus-IOS-checkManifestLockResult.txt",
			);
			runOnlyForDeploymentPostprocessing = 0;
			shellPath = /bin/sh;
			shellScript = "diff \"${PODS_PODFILE_DIR_PATH}/Podfile.lock\" \"${PODS_ROOT}/Manifest.lock\" > /dev/null\nif [ $? != 0 ] ; then\n    # print error to STDERR\n    echo \"error: The sandbox is not in sync with the Podfile.lock. Run 'pod install' or update your CocoaPods installation.\" >&2\n    exit 1\nfi\n# This output is used by Xcode 'outputs' to avoid re-running this script phase.\necho \"SUCCESS\" > \"${SCRIPT_OUTPUT_FILE_0}\"\n";
			showEnvVarsInLog = 0;
		};
		E486ACB5BF2834334F6DA17F /* [CP] Embed Pods Frameworks */ = {
			isa = PBXShellScriptBuildPhase;
			buildActionMask = 2147483647;
			files = (
			);
			inputFileListPaths = (
				"${PODS_ROOT}/Target Support Files/Pods-Camplus-IOS/Pods-Camplus-IOS-frameworks-${CONFIGURATION}-input-files.xcfilelist",
			);
			name = "[CP] Embed Pods Frameworks";
			outputFileListPaths = (
				"${PODS_ROOT}/Target Support Files/Pods-Camplus-IOS/Pods-Camplus-IOS-frameworks-${CONFIGURATION}-output-files.xcfilelist",
			);
			runOnlyForDeploymentPostprocessing = 0;
			shellPath = /bin/sh;
			shellScript = "\"${PODS_ROOT}/Target Support Files/Pods-Camplus-IOS/Pods-Camplus-IOS-frameworks.sh\"\n";
			showEnvVarsInLog = 0;
		};
/* End PBXShellScriptBuildPhase section */

/* Begin PBXSourcesBuildPhase section */
		457E5037243B902800F40694 /* Sources */ = {
			isa = PBXSourcesBuildPhase;
			buildActionMask = 2147483647;
			files = (
				45EED72C2447FB0800B235C8 /* LoginSvc.swift in Sources */,
				D8FEA29624516CAB000A981D /* UIAdvancedTextField.swift in Sources */,
				4510E4A7244DE15900166CC5 /* ContactUsVC.swift in Sources */,
				D8FEA29224516CAB000A981D /* ForumActionDelegate.swift in Sources */,
				45C5172E244AB93500B8B89C /* SettingsInfoVC.swift in Sources */,
				D8FEA2A124516CAB000A981D /* QueueCreateVC.swift in Sources */,
				D8FEA28A24516CAB000A981D /* ForumDetailHeaderCell.swift in Sources */,
				D8FEA28B24516CAB000A981D /* ForumCategoryCell.swift in Sources */,
				45EED72D2447FB0800B235C8 /* ChatsSvc.swift in Sources */,
				45EED72E2447FB0800B235C8 /* FeedsSvc.swift in Sources */,
				45C51730244C878500B8B89C /* ForgotPwdVC.swift in Sources */,
				4569AE612441A409009C8CD6 /* FeedsData.swift in Sources */,
				4569AE722444F6EF009C8CD6 /* GroupChatCell.swift in Sources */,
				45EED7272447DFC300B235C8 /* NoInternetVC.swift in Sources */,
				459A954A244025C400794C98 /* RightChatCell.swift in Sources */,
				D8FEA29F24516CAB000A981D /* Token.swift in Sources */,
				459A9546243EF46500794C98 /* ChatMessageVC.swift in Sources */,
				D8FEA29C24516CAB000A981D /* QueueVC.swift in Sources */,
				D8FEA2A324516CAB000A981D /* QueueThankYouVC.swift in Sources */,
				45C5172C244AB48B00B8B89C /* SettingsVC.swift in Sources */,
				D8FEA25D24516C7F000A981D /* FirestoreService.swift in Sources */,
				D8FEA29E24516CAB000A981D /* Appointment.swift in Sources */,
				D8FEA25F24516C89000A981D /* FirebaseDelegate.swift in Sources */,
				45EED7302448A31F00B235C8 /* ProfileVC.swift in Sources */,
				4569AE5D2441A1A8009C8CD6 /* ChatGroupVC.swift in Sources */,
				4569AE63244214EB009C8CD6 /* ChatGroupMembersVC.swift in Sources */,
				45EED7252447D10100B235C8 /* InternetConnectionManager.swift in Sources */,
				D8FEA29B24516CAB000A981D /* ServiceTVCell.swift in Sources */,
				459A9541243E86B000794C98 /* FeedsDataCell.swift in Sources */,
				459A9542243E86B000794C98 /* ChatsDataCell.swift in Sources */,
				4569AE7624457C59009C8CD6 /* GroupMembersCell.swift in Sources */,
				D8FEA28724516CAB000A981D /* ForumResponseCell.swift in Sources */,
				45C5F320243DA28F00D30406 /* FeedsVC.swift in Sources */,
				45EED7322448B24B00B235C8 /* ProfileInfoVC.swift in Sources */,
				D8FEA29724516CAB000A981D /* common.swift in Sources */,
				D8FEA29124516CAB000A981D /* InteractionDelegate.swift in Sources */,
				D8FEA28C24516CAB000A981D /* ForumCreateVC.swift in Sources */,
				45C5F31C243D944400D30406 /* LoginVC.swift in Sources */,
				459A953B243E830200794C98 /* ChatVC.swift in Sources */,
				D8FEA29A24516CAB000A981D /* QueueCVCell.swift in Sources */,
				459A9548244025B200794C98 /* LeftChatCell.swift in Sources */,
				D8FEA28D24516CAB000A981D /* ForumDetailVC.swift in Sources */,
				D8FEA28924516CAB000A981D /* ForumDetailCategoryCVCell.swift in Sources */,
				D8FEA28F24516CAB000A981D /* Response.swift in Sources */,
				D8FEA2A024516CAB000A981D /* QueueDateTimeVC.swift in Sources */,
				4569AE5B24414541009C8CD6 /* ChatMessages.swift in Sources */,
				D8FEA29524516CAB000A981D /* AlertDialog.swift in Sources */,
				D8FEA29324516CAB000A981D /* ForumTableDelegate.swift in Sources */,
				4569AE7424455AF6009C8CD6 /* UserDetails.swift in Sources */,
				45C5F322243E2BA800D30406 /* AddPostVC.swift in Sources */,
				457E503F243B902800F40694 /* AppDelegate.swift in Sources */,
				D8FEA28824516CAB000A981D /* ForumTableHeaderCell.swift in Sources */,
				455BC9B9244A1EDB00F8B225 /* ChangePwdVC.swift in Sources */,
				D8FEA2A224516CAB000A981D /* QueueCellInteractionDelegate.swift in Sources */,
				457E5041243B902800F40694 /* SceneDelegate.swift in Sources */,
				D8FEA28E24516CAB000A981D /* Forum.swift in Sources */,
				D8FEA29D24516CAB000A981D /* Service.swift in Sources */,
				D8FEA29424516CAB000A981D /* ForumVC.swift in Sources */,
				D8FEA29024516CAB000A981D /* Category.swift in Sources */,
			);
			runOnlyForDeploymentPostprocessing = 0;
		};
/* End PBXSourcesBuildPhase section */

/* Begin PBXVariantGroup section */
		457E5044243B902800F40694 /* Main.storyboard */ = {
			isa = PBXVariantGroup;
			children = (
				457E5045243B902800F40694 /* Base */,
			);
			name = Main.storyboard;
			sourceTree = "<group>";
		};
		457E5049243B902A00F40694 /* LaunchScreen.storyboard */ = {
			isa = PBXVariantGroup;
			children = (
				457E504A243B902A00F40694 /* Base */,
			);
			name = LaunchScreen.storyboard;
			sourceTree = "<group>";
		};
/* End PBXVariantGroup section */

/* Begin XCBuildConfiguration section */
		457E504D243B902A00F40694 /* Debug */ = {
			isa = XCBuildConfiguration;
			buildSettings = {
				ALWAYS_SEARCH_USER_PATHS = NO;
				CLANG_ANALYZER_NONNULL = YES;
				CLANG_ANALYZER_NUMBER_OBJECT_CONVERSION = YES_AGGRESSIVE;
				CLANG_CXX_LANGUAGE_STANDARD = "gnu++14";
				CLANG_CXX_LIBRARY = "libc++";
				CLANG_ENABLE_MODULES = YES;
				CLANG_ENABLE_OBJC_ARC = YES;
				CLANG_ENABLE_OBJC_WEAK = YES;
				CLANG_WARN_BLOCK_CAPTURE_AUTORELEASING = YES;
				CLANG_WARN_BOOL_CONVERSION = YES;
				CLANG_WARN_COMMA = YES;
				CLANG_WARN_CONSTANT_CONVERSION = YES;
				CLANG_WARN_DEPRECATED_OBJC_IMPLEMENTATIONS = YES;
				CLANG_WARN_DIRECT_OBJC_ISA_USAGE = YES_ERROR;
				CLANG_WARN_DOCUMENTATION_COMMENTS = YES;
				CLANG_WARN_EMPTY_BODY = YES;
				CLANG_WARN_ENUM_CONVERSION = YES;
				CLANG_WARN_INFINITE_RECURSION = YES;
				CLANG_WARN_INT_CONVERSION = YES;
				CLANG_WARN_NON_LITERAL_NULL_CONVERSION = YES;
				CLANG_WARN_OBJC_IMPLICIT_RETAIN_SELF = YES;
				CLANG_WARN_OBJC_LITERAL_CONVERSION = YES;
				CLANG_WARN_OBJC_ROOT_CLASS = YES_ERROR;
				CLANG_WARN_RANGE_LOOP_ANALYSIS = YES;
				CLANG_WARN_STRICT_PROTOTYPES = YES;
				CLANG_WARN_SUSPICIOUS_MOVE = YES;
				CLANG_WARN_UNGUARDED_AVAILABILITY = YES_AGGRESSIVE;
				CLANG_WARN_UNREACHABLE_CODE = YES;
				CLANG_WARN__DUPLICATE_METHOD_MATCH = YES;
				COPY_PHASE_STRIP = NO;
				DEBUG_INFORMATION_FORMAT = dwarf;
				ENABLE_STRICT_OBJC_MSGSEND = YES;
				ENABLE_TESTABILITY = YES;
				GCC_C_LANGUAGE_STANDARD = gnu11;
				GCC_DYNAMIC_NO_PIC = NO;
				GCC_NO_COMMON_BLOCKS = YES;
				GCC_OPTIMIZATION_LEVEL = 0;
				GCC_PREPROCESSOR_DEFINITIONS = (
					"DEBUG=1",
					"$(inherited)",
				);
				GCC_WARN_64_TO_32_BIT_CONVERSION = YES;
				GCC_WARN_ABOUT_RETURN_TYPE = YES_ERROR;
				GCC_WARN_UNDECLARED_SELECTOR = YES;
				GCC_WARN_UNINITIALIZED_AUTOS = YES_AGGRESSIVE;
				GCC_WARN_UNUSED_FUNCTION = YES;
				GCC_WARN_UNUSED_VARIABLE = YES;
				IPHONEOS_DEPLOYMENT_TARGET = 13.2;
				MTL_ENABLE_DEBUG_INFO = INCLUDE_SOURCE;
				MTL_FAST_MATH = YES;
				ONLY_ACTIVE_ARCH = YES;
				SDKROOT = iphoneos;
				SWIFT_ACTIVE_COMPILATION_CONDITIONS = DEBUG;
				SWIFT_OPTIMIZATION_LEVEL = "-Onone";
			};
			name = Debug;
		};
		457E504E243B902A00F40694 /* Release */ = {
			isa = XCBuildConfiguration;
			buildSettings = {
				ALWAYS_SEARCH_USER_PATHS = NO;
				CLANG_ANALYZER_NONNULL = YES;
				CLANG_ANALYZER_NUMBER_OBJECT_CONVERSION = YES_AGGRESSIVE;
				CLANG_CXX_LANGUAGE_STANDARD = "gnu++14";
				CLANG_CXX_LIBRARY = "libc++";
				CLANG_ENABLE_MODULES = YES;
				CLANG_ENABLE_OBJC_ARC = YES;
				CLANG_ENABLE_OBJC_WEAK = YES;
				CLANG_WARN_BLOCK_CAPTURE_AUTORELEASING = YES;
				CLANG_WARN_BOOL_CONVERSION = YES;
				CLANG_WARN_COMMA = YES;
				CLANG_WARN_CONSTANT_CONVERSION = YES;
				CLANG_WARN_DEPRECATED_OBJC_IMPLEMENTATIONS = YES;
				CLANG_WARN_DIRECT_OBJC_ISA_USAGE = YES_ERROR;
				CLANG_WARN_DOCUMENTATION_COMMENTS = YES;
				CLANG_WARN_EMPTY_BODY = YES;
				CLANG_WARN_ENUM_CONVERSION = YES;
				CLANG_WARN_INFINITE_RECURSION = YES;
				CLANG_WARN_INT_CONVERSION = YES;
				CLANG_WARN_NON_LITERAL_NULL_CONVERSION = YES;
				CLANG_WARN_OBJC_IMPLICIT_RETAIN_SELF = YES;
				CLANG_WARN_OBJC_LITERAL_CONVERSION = YES;
				CLANG_WARN_OBJC_ROOT_CLASS = YES_ERROR;
				CLANG_WARN_RANGE_LOOP_ANALYSIS = YES;
				CLANG_WARN_STRICT_PROTOTYPES = YES;
				CLANG_WARN_SUSPICIOUS_MOVE = YES;
				CLANG_WARN_UNGUARDED_AVAILABILITY = YES_AGGRESSIVE;
				CLANG_WARN_UNREACHABLE_CODE = YES;
				CLANG_WARN__DUPLICATE_METHOD_MATCH = YES;
				COPY_PHASE_STRIP = NO;
				DEBUG_INFORMATION_FORMAT = "dwarf-with-dsym";
				ENABLE_NS_ASSERTIONS = NO;
				ENABLE_STRICT_OBJC_MSGSEND = YES;
				GCC_C_LANGUAGE_STANDARD = gnu11;
				GCC_NO_COMMON_BLOCKS = YES;
				GCC_WARN_64_TO_32_BIT_CONVERSION = YES;
				GCC_WARN_ABOUT_RETURN_TYPE = YES_ERROR;
				GCC_WARN_UNDECLARED_SELECTOR = YES;
				GCC_WARN_UNINITIALIZED_AUTOS = YES_AGGRESSIVE;
				GCC_WARN_UNUSED_FUNCTION = YES;
				GCC_WARN_UNUSED_VARIABLE = YES;
				IPHONEOS_DEPLOYMENT_TARGET = 13.2;
				MTL_ENABLE_DEBUG_INFO = NO;
				MTL_FAST_MATH = YES;
				SDKROOT = iphoneos;
				SWIFT_COMPILATION_MODE = wholemodule;
				SWIFT_OPTIMIZATION_LEVEL = "-O";
				VALIDATE_PRODUCT = YES;
			};
			name = Release;
		};
		457E5050243B902A00F40694 /* Debug */ = {
			isa = XCBuildConfiguration;
			baseConfigurationReference = 67033F108C1EDC425E9DCF2B /* Pods-Camplus-IOS.debug.xcconfig */;
			buildSettings = {
				ASSETCATALOG_COMPILER_APPICON_NAME = AppIcon;
				CODE_SIGN_STYLE = Automatic;
				DEVELOPMENT_TEAM = MZ4NR6L53X;
				INFOPLIST_FILE = "Camplus-IOS/Info.plist";
				IPHONEOS_DEPLOYMENT_TARGET = 13.0;
				LD_RUNPATH_SEARCH_PATHS = (
					"$(inherited)",
					"@executable_path/Frameworks",
				);
				PRODUCT_BUNDLE_IDENTIFIER = "com.ios.Camplus-IOS";
				PRODUCT_NAME = "$(TARGET_NAME)";
				SWIFT_VERSION = 5.0;
				TARGETED_DEVICE_FAMILY = 1;
			};
			name = Debug;
		};
		457E5051243B902A00F40694 /* Release */ = {
			isa = XCBuildConfiguration;
			baseConfigurationReference = EB520D687337BDE532BAE87F /* Pods-Camplus-IOS.release.xcconfig */;
			buildSettings = {
				ASSETCATALOG_COMPILER_APPICON_NAME = AppIcon;
				CODE_SIGN_STYLE = Automatic;
				DEVELOPMENT_TEAM = MZ4NR6L53X;
				INFOPLIST_FILE = "Camplus-IOS/Info.plist";
				IPHONEOS_DEPLOYMENT_TARGET = 13.0;
				LD_RUNPATH_SEARCH_PATHS = (
					"$(inherited)",
					"@executable_path/Frameworks",
				);
				PRODUCT_BUNDLE_IDENTIFIER = "com.ios.Camplus-IOS";
				PRODUCT_NAME = "$(TARGET_NAME)";
				SWIFT_VERSION = 5.0;
				TARGETED_DEVICE_FAMILY = 1;
			};
			name = Release;
		};
/* End XCBuildConfiguration section */

/* Begin XCConfigurationList section */
		457E5036243B902800F40694 /* Build configuration list for PBXProject "Camplus-IOS" */ = {
			isa = XCConfigurationList;
			buildConfigurations = (
				457E504D243B902A00F40694 /* Debug */,
				457E504E243B902A00F40694 /* Release */,
			);
			defaultConfigurationIsVisible = 0;
			defaultConfigurationName = Release;
		};
		457E504F243B902A00F40694 /* Build configuration list for PBXNativeTarget "Camplus-IOS" */ = {
			isa = XCConfigurationList;
			buildConfigurations = (
				457E5050243B902A00F40694 /* Debug */,
				457E5051243B902A00F40694 /* Release */,
			);
			defaultConfigurationIsVisible = 0;
			defaultConfigurationName = Release;
		};
/* End XCConfigurationList section */
	};
	rootObject = 457E5033243B902800F40694 /* Project object */;
}
